
Microsoft Visual Studio Solution File, Format Version 12.00
# Visual Studio 15
VisualStudioVersion = 15.0.28307.438
MinimumVisualStudioVersion = 10.0.40219.1
Project("{FAE04EC0-301F-11D3-BF4B-00C04F79EFBC}") = "CustomForm", "CustomForm\CustomForm.csproj", "{C36C973F-316A-47A2-BBC6-400A400B5CFC}"
EndProject
Global
	GlobalSection(SolutionConfigurationPlatforms) = preSolution
		Debug|Any CPU = Debug|Any CPU
		Release|Any CPU = Release|Any CPU
	EndGlobalSection
	GlobalSection(ProjectConfigurationPlatforms) = postSolution
		{C36C973F-316A-47A2-BBC6-400A400B5CFC}.Debug|Any CPU.ActiveCfg = Debug|Any CPU
		{C36C973F-316A-47A2-BBC6-400A400B5CFC}.Debug|Any CPU.Build.0 = Debug|Any CPU
		{C36C973F-316A-47A2-BBC6-400A400B5CFC}.Release|Any CPU.ActiveCfg = Release|Any CPU
		{C36C973F-316A-47A2-BBC6-400A400B5CFC}.Release|Any CPU.Build.0 = Release|Any CPU
	EndGlobalSection
	GlobalSection(SolutionProperties) = preSolution
		HideSolutionNode = FALSE
	EndGlobalSection
	GlobalSection(ExtensibilityGlobals) = postSolution
		SolutionGuid = {16462833-26C1-43F1-AB54-FDB2C9D5079B}
	EndGlobalSection
EndGlobal
